PODS:
  - CryptoSwift (0.7.0)
  - ObjectMapper (2.2.5)
  - ReachabilitySwift (4.1.0)
  - SAMKeychain (1.5.3)

DEPENDENCIES:
  - CryptoSwift (= 0.7.0)
  - ObjectMapper (= 2.2.5)
  - ReachabilitySwift (= 4.1.0)
  - SAMKeychain (= 1.5.3)

SPEC CHECKSUMS:
  CryptoSwift: e197577cc40d551110480a64c73f31dbff1d8e74
  ObjectMapper: fb30f71e08470d1e5a20b199fafe1246281db898
  ReachabilitySwift: 6b797c78a21f2dc1aa6b7598f04d7393ccfe0963
  SAMKeychain: 483e1c9f32984d50ca961e26818a534283b4cd5c

PODFILE CHECKSUM: ee5091c515f68d36f5e30e9db44998cba9f3aaf2

COCOAPODS: 1.2.1
